// !$*UTF8*$!
{
	archiveVersion = 1;
	classes = {
	};
	objectVersion = 46;
	objects = {

/* Begin PBXBuildFile section */
		2D312A44196A69EA00A5CDB2 /* IntroScene.m in Sources */ = {isa = PBXBuildFile; fileRef = 2D312A43196A69E900A5CDB2 /* IntroScene.m */; };
		2D312A48196A711900A5CDB2 /* libcocos2d.a in Frameworks */ = {isa = PBXBuildFile; fileRef = 2D312A3F196A63F300A5CDB2 /* libcocos2d.a */; };
		2D312A4A196A713900A5CDB2 /* GLKit.framework in Frameworks */ = {isa = PBXBuildFile; fileRef = 2D312A49196A713900A5CDB2 /* GLKit.framework */; };
		66E9739A17FA91DC00508221 /* CoreText.framework in Frameworks */ = {isa = PBXBuildFile; fileRef = 66E9739917FA91DC00508221 /* CoreText.framework */; };
		FBD0E92E15457AF400FBE81E /* QuartzCore.framework in Frameworks */ = {isa = PBXBuildFile; fileRef = FBD0E92D15457AF400FBE81E /* QuartzCore.framework */; };
		FBD0E93015457AF400FBE81E /* OpenGLES.framework in Frameworks */ = {isa = PBXBuildFile; fileRef = FBD0E92F15457AF400FBE81E /* OpenGLES.framework */; };
		FBD0E93215457AF400FBE81E /* OpenAL.framework in Frameworks */ = {isa = PBXBuildFile; fileRef = FBD0E93115457AF400FBE81E /* OpenAL.framework */; };
		FBD0E93415457AF400FBE81E /* AudioToolbox.framework in Frameworks */ = {isa = PBXBuildFile; fileRef = FBD0E93315457AF400FBE81E /* AudioToolbox.framework */; };
		FBD0E93615457AF400FBE81E /* AVFoundation.framework in Frameworks */ = {isa = PBXBuildFile; fileRef = FBD0E93515457AF400FBE81E /* AVFoundation.framework */; };
		FBD0E93815457AF400FBE81E /* UIKit.framework in Frameworks */ = {isa = PBXBuildFile; fileRef = FBD0E93715457AF400FBE81E /* UIKit.framework */; };
		FBD0E93A15457AF400FBE81E /* Foundation.framework in Frameworks */ = {isa = PBXBuildFile; fileRef = FBD0E93915457AF400FBE81E /* Foundation.framework */; };
		FBD0E93C15457AF400FBE81E /* CoreGraphics.framework in Frameworks */ = {isa = PBXBuildFile; fileRef = FBD0E93B15457AF400FBE81E /* CoreGraphics.framework */; };
		FBD0E94215457AF500FBE81E /* Default.png in Resources */ = {isa = PBXBuildFile; fileRef = FBD0E94115457AF500FBE81E /* Default.png */; };
		FBD0E94A15457AF500FBE81E /* Icon-72.png in Resources */ = {isa = PBXBuildFile; fileRef = FBD0E94915457AF500FBE81E /* Icon-72.png */; };
		FBD0E94C15457AF500FBE81E /* Icon-Small-50.png in Resources */ = {isa = PBXBuildFile; fileRef = FBD0E94B15457AF500FBE81E /* Icon-Small-50.png */; };
		FBD0E94E15457AF500FBE81E /* Icon-Small.png in Resources */ = {isa = PBXBuildFile; fileRef = FBD0E94D15457AF500FBE81E /* Icon-Small.png */; };
		FBD0E95015457AF500FBE81E /* Icon-Small@2x.png in Resources */ = {isa = PBXBuildFile; fileRef = FBD0E94F15457AF500FBE81E /* Icon-Small@2x.png */; };
		FBD0E95215457AF500FBE81E /* Icon.png in Resources */ = {isa = PBXBuildFile; fileRef = FBD0E95115457AF500FBE81E /* Icon.png */; };
		FBD0E95415457AF500FBE81E /* Icon@2x.png in Resources */ = {isa = PBXBuildFile; fileRef = FBD0E95315457AF500FBE81E /* Icon@2x.png */; };
		FBD0E95715457AF500FBE81E /* iTunesArtwork in Resources */ = {isa = PBXBuildFile; fileRef = FBD0E95615457AF500FBE81E /* iTunesArtwork */; };
		FBD0EAAC15457AF800FBE81E /* main.m in Sources */ = {isa = PBXBuildFile; fileRef = FBD0EAAB15457AF800FBE81E /* main.m */; settings = {COMPILER_FLAGS = "-fno-objc-arc"; }; };
		FBD0EAAF15457AF800FBE81E /* AppDelegate.m in Sources */ = {isa = PBXBuildFile; fileRef = FBD0EAAE15457AF800FBE81E /* AppDelegate.m */; };
		FBF3F67615457B89001E6DCB /* LineDrawer.m in Sources */ = {isa = PBXBuildFile; fileRef = FBF3F67515457B89001E6DCB /* LineDrawer.m */; };
/* End PBXBuildFile section */

/* Begin PBXContainerItemProxy section */
		2D312A3E196A63F300A5CDB2 /* PBXContainerItemProxy */ = {
			isa = PBXContainerItemProxy;
			containerPortal = 2D312A38196A63F200A5CDB2 /* cocos2d-ios.xcodeproj */;
			proxyType = 2;
			remoteGlobalIDString = 5018F24D0DFDEAC400C013A5;
			remoteInfo = cocos2d;
		};
		2D312A40196A665800A5CDB2 /* PBXContainerItemProxy */ = {
			isa = PBXContainerItemProxy;
			containerPortal = 2D312A38196A63F200A5CDB2 /* cocos2d-ios.xcodeproj */;
			proxyType = 1;
			remoteGlobalIDString = 5018F24C0DFDEAC400C013A5;
			remoteInfo = cocos2d;
		};
/* End PBXContainerItemProxy section */

/* Begin PBXFileReference section */
		2D312A38196A63F200A5CDB2 /* cocos2d-ios.xcodeproj */ = {isa = PBXFileReference; lastKnownFileType = "wrapper.pb-project"; name = "cocos2d-ios.xcodeproj"; path = "libs/cocos2d-iphone/cocos2d-ios.xcodeproj"; sourceTree = "<group>"; };
		2D312A42196A69E900A5CDB2 /* IntroScene.h */ = {isa = PBXFileReference; fileEncoding = 4; lastKnownFileType = sourcecode.c.h; path = IntroScene.h; sourceTree = "<group>"; };
		2D312A43196A69E900A5CDB2 /* IntroScene.m */ = {isa = PBXFileReference; fileEncoding = 4; lastKnownFileType = sourcecode.c.objc; path = IntroScene.m; sourceTree = "<group>"; };
		2D312A49196A713900A5CDB2 /* GLKit.framework */ = {isa = PBXFileReference; lastKnownFileType = wrapper.framework; name = GLKit.framework; path = System/Library/Frameworks/GLKit.framework; sourceTree = SDKROOT; };
		66E9739917FA91DC00508221 /* CoreText.framework */ = {isa = PBXFileReference; lastKnownFileType = wrapper.framework; name = CoreText.framework; path = System/Library/Frameworks/CoreText.framework; sourceTree = SDKROOT; };
		FBD0E92915457AF400FBE81E /* Smooth Drawing.app */ = {isa = PBXFileReference; explicitFileType = wrapper.application; includeInIndex = 0; path = "Smooth Drawing.app"; sourceTree = BUILT_PRODUCTS_DIR; };
		FBD0E92D15457AF400FBE81E /* QuartzCore.framework */ = {isa = PBXFileReference; lastKnownFileType = wrapper.framework; name = QuartzCore.framework; path = System/Library/Frameworks/QuartzCore.framework; sourceTree = SDKROOT; };
		FBD0E92F15457AF400FBE81E /* OpenGLES.framework */ = {isa = PBXFileReference; lastKnownFileType = wrapper.framework; name = OpenGLES.framework; path = System/Library/Frameworks/OpenGLES.framework; sourceTree = SDKROOT; };
		FBD0E93115457AF400FBE81E /* OpenAL.framework */ = {isa = PBXFileReference; lastKnownFileType = wrapper.framework; name = OpenAL.framework; path = System/Library/Frameworks/OpenAL.framework; sourceTree = SDKROOT; };
		FBD0E93315457AF400FBE81E /* AudioToolbox.framework */ = {isa = PBXFileReference; lastKnownFileType = wrapper.framework; name = AudioToolbox.framework; path = System/Library/Frameworks/AudioToolbox.framework; sourceTree = SDKROOT; };
		FBD0E93515457AF400FBE81E /* AVFoundation.framework */ = {isa = PBXFileReference; lastKnownFileType = wrapper.framework; name = AVFoundation.framework; path = System/Library/Frameworks/AVFoundation.framework; sourceTree = SDKROOT; };
		FBD0E93715457AF400FBE81E /* UIKit.framework */ = {isa = PBXFileReference; lastKnownFileType = wrapper.framework; name = UIKit.framework; path = System/Library/Frameworks/UIKit.framework; sourceTree = SDKROOT; };
		FBD0E93915457AF400FBE81E /* Foundation.framework */ = {isa = PBXFileReference; lastKnownFileType = wrapper.framework; name = Foundation.framework; path = System/Library/Frameworks/Foundation.framework; sourceTree = SDKROOT; };
		FBD0E93B15457AF400FBE81E /* CoreGraphics.framework */ = {isa = PBXFileReference; lastKnownFileType = wrapper.framework; name = CoreGraphics.framework; path = System/Library/Frameworks/CoreGraphics.framework; sourceTree = SDKROOT; };
		FBD0E94115457AF500FBE81E /* Default.png */ = {isa = PBXFileReference; lastKnownFileType = image.png; name = Default.png; path = Resources/Default.png; sourceTree = "<group>"; };
		FBD0E94915457AF500FBE81E /* Icon-72.png */ = {isa = PBXFileReference; lastKnownFileType = image.png; name = "Icon-72.png"; path = "Resources/Icon-72.png"; sourceTree = "<group>"; };
		FBD0E94B15457AF500FBE81E /* Icon-Small-50.png */ = {isa = PBXFileReference; lastKnownFileType = image.png; name = "Icon-Small-50.png"; path = "Resources/Icon-Small-50.png"; sourceTree = "<group>"; };
		FBD0E94D15457AF500FBE81E /* Icon-Small.png */ = {isa = PBXFileReference; lastKnownFileType = image.png; name = "Icon-Small.png"; path = "Resources/Icon-Small.png"; sourceTree = "<group>"; };
		FBD0E94F15457AF500FBE81E /* Icon-Small@2x.png */ = {isa = PBXFileReference; lastKnownFileType = image.png; name = "Icon-Small@2x.png"; path = "Resources/Icon-Small@2x.png"; sourceTree = "<group>"; };
		FBD0E95115457AF500FBE81E /* Icon.png */ = {isa = PBXFileReference; lastKnownFileType = image.png; name = Icon.png; path = Resources/Icon.png; sourceTree = "<group>"; };
		FBD0E95315457AF500FBE81E /* Icon@2x.png */ = {isa = PBXFileReference; lastKnownFileType = image.png; name = "Icon@2x.png"; path = "Resources/Icon@2x.png"; sourceTree = "<group>"; };
		FBD0E95515457AF500FBE81E /* Info.plist */ = {isa = PBXFileReference; lastKnownFileType = text.plist.xml; name = Info.plist; path = Resources/Info.plist; sourceTree = "<group>"; };
		FBD0E95615457AF500FBE81E /* iTunesArtwork */ = {isa = PBXFileReference; lastKnownFileType = file; name = iTunesArtwork; path = Resources/iTunesArtwork; sourceTree = "<group>"; };
		FBD0EAAA15457AF800FBE81E /* Prefix.pch */ = {isa = PBXFileReference; lastKnownFileType = sourcecode.c.h; path = Prefix.pch; sourceTree = "<group>"; };
		FBD0EAAB15457AF800FBE81E /* main.m */ = {isa = PBXFileReference; lastKnownFileType = sourcecode.c.objc; path = main.m; sourceTree = "<group>"; };
		FBD0EAAD15457AF800FBE81E /* AppDelegate.h */ = {isa = PBXFileReference; lastKnownFileType = sourcecode.c.h; path = AppDelegate.h; sourceTree = "<group>"; };
		FBD0EAAE15457AF800FBE81E /* AppDelegate.m */ = {isa = PBXFileReference; lastKnownFileType = sourcecode.c.objc; path = AppDelegate.m; sourceTree = "<group>"; };
		FBF3F67415457B89001E6DCB /* LineDrawer.h */ = {isa = PBXFileReference; fileEncoding = 4; lastKnownFileType = sourcecode.c.h; path = LineDrawer.h; sourceTree = "<group>"; };
		FBF3F67515457B89001E6DCB /* LineDrawer.m */ = {isa = PBXFileReference; fileEncoding = 4; lastKnownFileType = sourcecode.c.objc; path = LineDrawer.m; sourceTree = "<group>"; };
/* End PBXFileReference section */

/* Begin PBXFrameworksBuildPhase section */
		FBD0E92615457AF400FBE81E /* Frameworks */ = {
			isa = PBXFrameworksBuildPhase;
			buildActionMask = 2147483647;
			files = (
				2D312A4A196A713900A5CDB2 /* GLKit.framework in Frameworks */,
				2D312A48196A711900A5CDB2 /* libcocos2d.a in Frameworks */,
				66E9739A17FA91DC00508221 /* CoreText.framework in Frameworks */,
				FBD0E92E15457AF400FBE81E /* QuartzCore.framework in Frameworks */,
				FBD0E93015457AF400FBE81E /* OpenGLES.framework in Frameworks */,
				FBD0E93215457AF400FBE81E /* OpenAL.framework in Frameworks */,
				FBD0E93415457AF400FBE81E /* AudioToolbox.framework in Frameworks */,
				FBD0E93615457AF400FBE81E /* AVFoundation.framework in Frameworks */,
				FBD0E93815457AF400FBE81E /* UIKit.framework in Frameworks */,
				FBD0E93A15457AF400FBE81E /* Foundation.framework in Frameworks */,
				FBD0E93C15457AF400FBE81E /* CoreGraphics.framework in Frameworks */,
			);
			runOnlyForDeploymentPostprocessing = 0;
		};
/* End PBXFrameworksBuildPhase section */

/* Begin PBXGroup section */
		2D312A39196A63F200A5CDB2 /* Products */ = {
			isa = PBXGroup;
			children = (
				2D312A3F196A63F300A5CDB2 /* libcocos2d.a */,
			);
			name = Products;
			sourceTree = "<group>";
		};
		FBD0E91E15457AF400FBE81E = {
			isa = PBXGroup;
			children = (
				FBD0E93F15457AF400FBE81E /* Smooth Drawing */,
				FBD0E92C15457AF400FBE81E /* Frameworks */,
				FBD0E92A15457AF400FBE81E /* Products */,
			);
			sourceTree = "<group>";
		};
		FBD0E92A15457AF400FBE81E /* Products */ = {
			isa = PBXGroup;
			children = (
				FBD0E92915457AF400FBE81E /* Smooth Drawing.app */,
			);
			name = Products;
			sourceTree = "<group>";
		};
		FBD0E92C15457AF400FBE81E /* Frameworks */ = {
			isa = PBXGroup;
			children = (
				2D312A49196A713900A5CDB2 /* GLKit.framework */,
				66E9739917FA91DC00508221 /* CoreText.framework */,
				FBD0E92D15457AF400FBE81E /* QuartzCore.framework */,
				FBD0E92F15457AF400FBE81E /* OpenGLES.framework */,
				FBD0E93115457AF400FBE81E /* OpenAL.framework */,
				FBD0E93315457AF400FBE81E /* AudioToolbox.framework */,
				FBD0E93515457AF400FBE81E /* AVFoundation.framework */,
				FBD0E93715457AF400FBE81E /* UIKit.framework */,
				FBD0E93915457AF400FBE81E /* Foundation.framework */,
				FBD0E93B15457AF400FBE81E /* CoreGraphics.framework */,
			);
			name = Frameworks;
			sourceTree = "<group>";
		};
		FBD0E93F15457AF400FBE81E /* Smooth Drawing */ = {
			isa = PBXGroup;
			children = (
				FBD0EAAD15457AF800FBE81E /* AppDelegate.h */,
				FBD0EAAE15457AF800FBE81E /* AppDelegate.m */,
				2D312A42196A69E900A5CDB2 /* IntroScene.h */,
				2D312A43196A69E900A5CDB2 /* IntroScene.m */,
				FBF3F67415457B89001E6DCB /* LineDrawer.h */,
				FBF3F67515457B89001E6DCB /* LineDrawer.m */,
				FBD0E94015457AF500FBE81E /* Resources */,
				FBD0E95815457AF500FBE81E /* libs */,
				FBD0EAA915457AF800FBE81E /* Supporting Files */,
			);
			path = "Smooth Drawing";
			sourceTree = "<group>";
		};
		FBD0E94015457AF500FBE81E /* Resources */ = {
			isa = PBXGroup;
			children = (
				FBD0E94115457AF500FBE81E /* Default.png */,
				FBD0E94915457AF500FBE81E /* Icon-72.png */,
				FBD0E94B15457AF500FBE81E /* Icon-Small-50.png */,
				FBD0E94D15457AF500FBE81E /* Icon-Small.png */,
				FBD0E94F15457AF500FBE81E /* Icon-Small@2x.png */,
				FBD0E95115457AF500FBE81E /* Icon.png */,
				FBD0E95315457AF500FBE81E /* Icon@2x.png */,
				FBD0E95515457AF500FBE81E /* Info.plist */,
				FBD0E95615457AF500FBE81E /* iTunesArtwork */,
			);
			name = Resources;
			sourceTree = "<group>";
		};
		FBD0E95815457AF500FBE81E /* libs */ = {
			isa = PBXGroup;
			children = (
				2D312A38196A63F200A5CDB2 /* cocos2d-ios.xcodeproj */,
			);
			name = libs;
			sourceTree = "<group>";
		};
		FBD0EAA915457AF800FBE81E /* Supporting Files */ = {
			isa = PBXGroup;
			children = (
				FBD0EAAA15457AF800FBE81E /* Prefix.pch */,
				FBD0EAAB15457AF800FBE81E /* main.m */,
			);
			name = "Supporting Files";
			sourceTree = "<group>";
		};
/* End PBXGroup section */

/* Begin PBXNativeTarget section */
		FBD0E92815457AF400FBE81E /* Smooth Drawing */ = {
			isa = PBXNativeTarget;
			buildConfigurationList = FBD0EAB515457AF800FBE81E /* Build configuration list for PBXNativeTarget "Smooth Drawing" */;
			buildPhases = (
				FBD0E92515457AF400FBE81E /* Sources */,
				FBD0E92615457AF400FBE81E /* Frameworks */,
				FBD0E92715457AF400FBE81E /* Resources */,
			);
			buildRules = (
			);
			dependencies = (
				2D312A41196A665800A5CDB2 /* PBXTargetDependency */,
			);
			name = "Smooth Drawing";
			productName = "Smooth Drawing";
			productReference = FBD0E92915457AF400FBE81E /* Smooth Drawing.app */;
			productType = "com.apple.product-type.application";
		};
/* End PBXNativeTarget section */

/* Begin PBXProject section */
		FBD0E92015457AF400FBE81E /* Project object */ = {
			isa = PBXProject;
			attributes = {
				LastUpgradeCheck = 0510;
			};
			buildConfigurationList = FBD0E92315457AF400FBE81E /* Build configuration list for PBXProject "Smooth Drawing" */;
			compatibilityVersion = "Xcode 3.2";
			developmentRegion = English;
			hasScannedForEncodings = 0;
			knownRegions = (
				en,
			);
			mainGroup = FBD0E91E15457AF400FBE81E;
			productRefGroup = FBD0E92A15457AF400FBE81E /* Products */;
			projectDirPath = "";
			projectReferences = (
				{
					ProductGroup = 2D312A39196A63F200A5CDB2 /* Products */;
					ProjectRef = 2D312A38196A63F200A5CDB2 /* cocos2d-ios.xcodeproj */;
				},
			);
			projectRoot = "";
			targets = (
				FBD0E92815457AF400FBE81E /* Smooth Drawing */,
			);
		};
/* End PBXProject section */

/* Begin PBXReferenceProxy section */
		2D312A3F196A63F300A5CDB2 /* libcocos2d.a */ = {
			isa = PBXReferenceProxy;
			fileType = archive.ar;
			path = libcocos2d.a;
			remoteRef = 2D312A3E196A63F300A5CDB2 /* PBXContainerItemProxy */;
			sourceTree = BUILT_PRODUCTS_DIR;
		};
/* End PBXReferenceProxy section */

/* Begin PBXResourcesBuildPhase section */
		FBD0E92715457AF400FBE81E /* Resources */ = {
			isa = PBXResourcesBuildPhase;
			buildActionMask = 2147483647;
			files = (
				FBD0E94215457AF500FBE81E /* Default.png in Resources */,
				FBD0E94A15457AF500FBE81E /* Icon-72.png in Resources */,
				FBD0E94C15457AF500FBE81E /* Icon-Small-50.png in Resources */,
				FBD0E94E15457AF500FBE81E /* Icon-Small.png in Resources */,
				FBD0E95015457AF500FBE81E /* Icon-Small@2x.png in Resources */,
				FBD0E95215457AF500FBE81E /* Icon.png in Resources */,
				FBD0E95415457AF500FBE81E /* Icon@2x.png in Resources */,
				FBD0E95715457AF500FBE81E /* iTunesArtwork in Resources */,
			);
			runOnlyForDeploymentPostprocessing = 0;
		};
/* End PBXResourcesBuildPhase section */

/* Begin PBXSourcesBuildPhase section */
		FBD0E92515457AF400FBE81E /* Sources */ = {
			isa = PBXSourcesBuildPhase;
			buildActionMask = 2147483647;
			files = (
				FBD0EAAC15457AF800FBE81E /* main.m in Sources */,
				FBD0EAAF15457AF800FBE81E /* AppDelegate.m in Sources */,
				FBF3F67615457B89001E6DCB /* LineDrawer.m in Sources */,
				2D312A44196A69EA00A5CDB2 /* IntroScene.m in Sources */,
			);
			runOnlyForDeploymentPostprocessing = 0;
		};
/* End PBXSourcesBuildPhase section */

/* Begin PBXTargetDependency section */
		2D312A41196A665800A5CDB2 /* PBXTargetDependency */ = {
			isa = PBXTargetDependency;
			name = cocos2d;
			targetProxy = 2D312A40196A665800A5CDB2 /* PBXContainerItemProxy */;
		};
/* End PBXTargetDependency section */

/* Begin XCBuildConfiguration section */
		FBD0EAB315457AF800FBE81E /* Debug */ = {
			isa = XCBuildConfiguration;
			buildSettings = {
				CLANG_WARN_BOOL_CONVERSION = YES;
				CLANG_WARN_CONSTANT_CONVERSION = YES;
				CLANG_WARN_EMPTY_BODY = YES;
				CLANG_WARN_ENUM_CONVERSION = YES;
				CLANG_WARN_INT_CONVERSION = YES;
				CLANG_WARN__DUPLICATE_METHOD_MATCH = YES;
				"CODE_SIGN_IDENTITY[sdk=iphoneos*]" = "iPhone Developer";
				GCC_C_LANGUAGE_STANDARD = gnu99;
				GCC_OPTIMIZATION_LEVEL = 0;
				GCC_PREPROCESSOR_DEFINITIONS = (
					DEBUG,
					"COCOS2D_DEBUG=1",
				);
				GCC_SYMBOLS_PRIVATE_EXTERN = NO;
				GCC_VERSION = com.apple.compilers.llvm.clang.1_0;
				GCC_WARN_64_TO_32_BIT_CONVERSION = YES;
				GCC_WARN_ABOUT_RETURN_TYPE = YES;
				GCC_WARN_UNDECLARED_SELECTOR = YES;
				GCC_WARN_UNINITIALIZED_AUTOS = YES;
				GCC_WARN_UNUSED_FUNCTION = YES;
				GCC_WARN_UNUSED_VARIABLE = YES;
				IPHONEOS_DEPLOYMENT_TARGET = 4.0;
				ONLY_ACTIVE_ARCH = YES;
				SDKROOT = iphoneos;
				TARGETED_DEVICE_FAMILY = 2;
			};
			name = Debug;
		};
		FBD0EAB415457AF800FBE81E /* Release */ = {
			isa = XCBuildConfiguration;
			buildSettings = {
				CLANG_WARN_BOOL_CONVERSION = YES;
				CLANG_WARN_CONSTANT_CONVERSION = YES;
				CLANG_WARN_EMPTY_BODY = YES;
				CLANG_WARN_ENUM_CONVERSION = YES;
				CLANG_WARN_INT_CONVERSION = YES;
				CLANG_WARN__DUPLICATE_METHOD_MATCH = YES;
				"CODE_SIGN_IDENTITY[sdk=iphoneos*]" = "iPhone Developer";
				GCC_C_LANGUAGE_STANDARD = gnu99;
				GCC_PREPROCESSOR_DEFINITIONS = (
					NDEBUG,
					"NS_BLOCK_ASSERTIONS=1",
				);
				GCC_VERSION = com.apple.compilers.llvm.clang.1_0;
				GCC_WARN_64_TO_32_BIT_CONVERSION = YES;
				GCC_WARN_ABOUT_RETURN_TYPE = YES;
				GCC_WARN_UNDECLARED_SELECTOR = YES;
				GCC_WARN_UNINITIALIZED_AUTOS = YES;
				GCC_WARN_UNUSED_FUNCTION = YES;
				GCC_WARN_UNUSED_VARIABLE = YES;
				IPHONEOS_DEPLOYMENT_TARGET = 4.0;
				SDKROOT = iphoneos;
				TARGETED_DEVICE_FAMILY = 2;
			};
			name = Release;
		};
		FBD0EAB615457AF800FBE81E /* Debug */ = {
			isa = XCBuildConfiguration;
			buildSettings = {
				ALWAYS_SEARCH_USER_PATHS = NO;
				CLANG_ENABLE_OBJC_ARC = YES;
				COPY_PHASE_STRIP = NO;
				GCC_DYNAMIC_NO_PIC = NO;
				GCC_PRECOMPILE_PREFIX_HEADER = YES;
				GCC_PREFIX_HEADER = "Smooth Drawing/Prefix.pch";
				HEADER_SEARCH_PATHS = (
					"\"Smooth Drawing/libs/cocos2d-iphone/cocos2d\"/**",
					"\"Smooth Drawing/libs/cocos2d-iphone/external/Chipmunk/objectivec/include\"",
					"\"Smooth Drawing/libs/cocos2d-iphone/external/Chipmunk/include\"",
					"\"Smooth Drawing/libs/cocos2d-iphone/cocos2d-ui\"/**",
					"\"Smooth Drawing/libs/cocos2d-iphone/external/ObjectAL\"/**",
				);
				INFOPLIST_FILE = "Smooth Drawing/Resources/Info.plist";
				IPHONEOS_DEPLOYMENT_TARGET = 5.1.1;
				OTHER_LDFLAGS = (
					"-lz",
					"-ObjC",
				);
				PRODUCT_NAME = "$(TARGET_NAME)";
				WRAPPER_EXTENSION = app;
			};
			name = Debug;
		};
		FBD0EAB715457AF800FBE81E /* Release */ = {
			isa = XCBuildConfiguration;
			buildSettings = {
				ALWAYS_SEARCH_USER_PATHS = NO;
				CLANG_ENABLE_OBJC_ARC = YES;
				COPY_PHASE_STRIP = YES;
				GCC_OPTIMIZATION_LEVEL = fast;
				GCC_PRECOMPILE_PREFIX_HEADER = YES;
				GCC_PREFIX_HEADER = "Smooth Drawing/Prefix.pch";
				HEADER_SEARCH_PATHS = (
					"\"Smooth Drawing/libs/cocos2d-iphone/cocos2d\"/**",
					"\"Smooth Drawing/libs/cocos2d-iphone/external/Chipmunk/objectivec/include\"",
					"\"Smooth Drawing/libs/cocos2d-iphone/external/Chipmunk/include\"",
					"\"Smooth Drawing/libs/cocos2d-iphone/cocos2d-ui\"/**",
					"\"Smooth Drawing/libs/cocos2d-iphone/external/ObjectAL\"/**",
				);
				INFOPLIST_FILE = "Smooth Drawing/Resources/Info.plist";
				IPHONEOS_DEPLOYMENT_TARGET = 5.1.1;
				OTHER_LDFLAGS = (
					"-lz",
					"-ObjC",
				);
				PRODUCT_NAME = "$(TARGET_NAME)";
				VALIDATE_PRODUCT = YES;
				WRAPPER_EXTENSION = app;
			};
			name = Release;
		};
/* End XCBuildConfiguration section */

/* Begin XCConfigurationList section */
		FBD0E92315457AF400FBE81E /* Build configuration list for PBXProject "Smooth Drawing" */ = {
			isa = XCConfigurationList;
			buildConfigurations = (
				FBD0EAB315457AF800FBE81E /* Debug */,
				FBD0EAB415457AF800FBE81E /* Release */,
			);
			defaultConfigurationIsVisible = 0;
			defaultConfigurationName = Release;
		};
		FBD0EAB515457AF800FBE81E /* Build configuration list for PBXNativeTarget "Smooth Drawing" */ = {
			isa = XCConfigurationList;
			buildConfigurations = (
				FBD0EAB615457AF800FBE81E /* Debug */,
				FBD0EAB715457AF800FBE81E /* Release */,
			);
			defaultConfigurationIsVisible = 0;
			defaultConfigurationName = Release;
		};
/* End XCConfigurationList section */
	};
	rootObject = FBD0E92015457AF400FBE81E /* Project object */;
}
